
Microsoft Visual Studio Solution File, Format Version 12.00
# Visual Studio Version 17
VisualStudioVersion = 17.14.36518.9 d17.14
MinimumVisualStudioVersion = 10.0.40219.1
Project("{FAE04EC0-301F-11D3-BF4B-00C04F79EFBC}") = "Projecttest", "Projecttest\Projecttest.csproj", "{E309CA75-33AD-469E-82F6-B9BADEED617D}"
EndProject
Global
	GlobalSection(SolutionConfigurationPlatforms) = preSolution
		Debug|Any CPU = Debug|Any CPU
		Release|Any CPU = Release|Any CPU
	EndGlobalSection
	GlobalSection(ProjectConfigurationPlatforms) = postSolution
		{E309CA75-33AD-469E-82F6-B9BADEED617D}.Debug|Any CPU.ActiveCfg = Debug|Any CPU
		{E309CA75-33AD-469E-82F6-B9BADEED617D}.Debug|Any CPU.Build.0 = Debug|Any CPU
		{E309CA75-33AD-469E-82F6-B9BADEED617D}.Release|Any CPU.ActiveCfg = Release|Any CPU
		{E309CA75-33AD-469E-82F6-B9BADEED617D}.Release|Any CPU.Build.0 = Release|Any CPU
	EndGlobalSection
	GlobalSection(SolutionProperties) = preSolution
		HideSolutionNode = FALSE
	EndGlobalSection
	GlobalSection(ExtensibilityGlobals) = postSolution
		SolutionGuid = {DB572D9C-A9CE-4241-A9E6-45A1A7123974}
	EndGlobalSection
EndGlobal
